
Microsoft Visual Studio Solution File, Format Version 12.00
# Visual Studio Version 16
VisualStudioVersion = 16.0.29409.12
MinimumVisualStudioVersion = 10.0.40219.1
Project("{FAE04EC0-301F-11D3-BF4B-00C04F79EFBC}") = "Lab6RollTheDice", "Lab6RollTheDice\Lab6RollTheDice.csproj", "{3F108B23-7696-4487-B59F-4D68E681B25D}"
EndProject
Global
	GlobalSection(SolutionConfigurationPlatforms) = preSolution
		Debug|Any CPU = Debug|Any CPU
		Release|Any CPU = Release|Any CPU
	EndGlobalSection
	GlobalSection(ProjectConfigurationPlatforms) = postSolution
		{3F108B23-7696-4487-B59F-4D68E681B25D}.Debug|Any CPU.ActiveCfg = Debug|Any CPU
		{3F108B23-7696-4487-B59F-4D68E681B25D}.Debug|Any CPU.Build.0 = Debug|Any CPU
		{3F108B23-7696-4487-B59F-4D68E681B25D}.Release|Any CPU.ActiveCfg = Release|Any CPU
		{3F108B23-7696-4487-B59F-4D68E681B25D}.Release|Any CPU.Build.0 = Release|Any CPU
	EndGlobalSection
	GlobalSection(SolutionProperties) = preSolution
		HideSolutionNode = FALSE
	EndGlobalSection
	GlobalSection(ExtensibilityGlobals) = postSolution
		SolutionGuid = {25C33575-9850-43CA-89F9-879F7DC451B8}
	EndGlobalSection
EndGlobal
